{
  "name": "arangoose",
  "version": "0.0.0",
  "lockfileVersion": 1,
  "requires": true,
  "dependencies": {
    "arangojs": {
      "version": "5.7.1",
      "resolved": "https://registry.npmjs.org/arangojs/-/arangojs-5.7.1.tgz",
      "integrity": "sha512-6KcIFdxphJsUZTqBuDlgqaSe3qbE2L+v6VquU96FGYh3ZOERwtgpGk9ZHE/sBBqjPsY2cgCQYyqeM80ahGr3EQ==",
      "requires": {
        "es6-error": "4.0.2",
        "http-errors": "1.6.2",
        "linkedlist": "1.0.1",
        "multi-part": "2.0.0",
        "retry": "0.10.1",
        "utf8-length": "0.0.1",
        "xhr": "2.4.0"
      }
    },
    "depd": {
      "version": "1.1.1",
      "resolved": "https://registry.npmjs.org/depd/-/depd-1.1.1.tgz",
      "integrity": "sha1-V4O04cRZ8G+lyif5kfPQbnoxA1k="
    },
    "dom-walk": {
      "version": "0.1.1",
      "resolved": "https://registry.npmjs.org/dom-walk/-/dom-walk-0.1.1.tgz",
      "integrity": "sha1-ZyIm3HTI95mtNTB9+TaroRrNYBg="
    },
    "es6-error": {
      "version": "4.0.2",
      "resolved": "https://registry.npmjs.org/es6-error/-/es6-error-4.0.2.tgz",
      "integrity": "sha1-7sXHJurO9Rt/a3PCDbbhsTsGnJg="
    },
    "file-type": {
      "version": "4.4.0",
      "resolved": "https://registry.npmjs.org/file-type/-/file-type-4.4.0.tgz",
      "integrity": "sha1-G2AOX8ofvcboDApwxxyNul95BsU="
    },
    "for-each": {
      "version": "0.3.2",
      "resolved": "https://registry.npmjs.org/for-each/-/for-each-0.3.2.tgz",
      "integrity": "sha1-LEBFC5NI6X8oEyJZO6lnBLmr1NQ=",
      "requires": {
        "is-function": "1.0.1"
      }
    },
    "global": {
      "version": "4.3.2",
      "resolved": "https://registry.npmjs.org/global/-/global-4.3.2.tgz",
      "integrity": "sha1-52mJJopsdMOJCLEwWxD8DjlOnQ8=",
      "requires": {
        "min-document": "2.19.0",
        "process": "0.5.2"
      }
    },
    "hoek": {
      "version": "5.0.2",
      "resolved": "https://registry.npmjs.org/hoek/-/hoek-5.0.2.tgz",
      "integrity": "sha512-NA10UYP9ufCtY2qYGkZktcQXwVyYK4zK0gkaFSB96xhtlo6V8tKXdQgx8eHolQTRemaW0uLn8BhjhwqrOU+QLQ=="
    },
    "http-errors": {
      "version": "1.6.2",
      "resolved": "https://registry.npmjs.org/http-errors/-/http-errors-1.6.2.tgz",
      "integrity": "sha1-CgAsyFcHGSp+eUbO7cERVfYOxzY=",
      "requires": {
        "depd": "1.1.1",
        "inherits": "2.0.3",
        "setprototypeof": "1.0.3",
        "statuses": "1.4.0"
      }
    },
    "inherits": {
      "version": "2.0.3",
      "resolved": "https://registry.npmjs.org/inherits/-/inherits-2.0.3.tgz",
      "integrity": "sha1-Yzwsg+PaQqUC9SRmAiSA9CCCYd4="
    },
    "is-function": {
      "version": "1.0.1",
      "resolved": "https://registry.npmjs.org/is-function/-/is-function-1.0.1.tgz",
      "integrity": "sha1-Es+5i2W1fdPRk6MSH19uL0N2ArU="
    },
    "isemail": {
      "version": "3.0.0",
      "resolved": "https://registry.npmjs.org/isemail/-/isemail-3.0.0.tgz",
      "integrity": "sha512-rz0ng/c+fX+zACpLgDB8fnUQ845WSU06f4hlhk4K8TJxmR6f5hyvitu9a9JdMD7aq/P4E0XdG1uaab2OiXgHlA==",
      "requires": {
        "punycode": "2.1.0"
      }
    },
    "joi": {
      "version": "13.0.1",
      "resolved": "https://registry.npmjs.org/joi/-/joi-13.0.1.tgz",
      "integrity": "sha512-ChTMfmbIg5yrN9pUdeaLL8vzylMQhUteXiXa1MWINsMUs3jTQ8I87lUZwR5GdfCLJlpK04U7UgrxgmU8Zp7PhQ==",
      "requires": {
        "hoek": "5.0.2",
        "isemail": "3.0.0",
        "topo": "3.0.0"
      }
    },
    "linkedlist": {
      "version": "1.0.1",
      "resolved": "https://registry.npmjs.org/linkedlist/-/linkedlist-1.0.1.tgz",
      "integrity": "sha1-e3QYm/rW52Nn+1oQ88NpExKLeCs="
    },
    "lodash": {
      "version": "4.17.4",
      "resolved": "https://registry.npmjs.org/lodash/-/lodash-4.17.4.tgz",
      "integrity": "sha1-eCA6TRwyiuHYbcpkYONptX9AVa4="
    },
    "mime-db": {
      "version": "1.30.0",
      "resolved": "https://registry.npmjs.org/mime-db/-/mime-db-1.30.0.tgz",
      "integrity": "sha1-dMZD2i3Z1qRTmZY0ZbJtXKfXHwE="
    },
    "mime-kind": {
      "version": "2.0.2",
      "resolved": "https://registry.npmjs.org/mime-kind/-/mime-kind-2.0.2.tgz",
      "integrity": "sha1-WkPVvr3rCCGCIk2dJjIGMp5Xzfg=",
      "requires": {
        "file-type": "4.4.0",
        "mime-types": "2.1.17"
      }
    },
    "mime-types": {
      "version": "2.1.17",
      "resolved": "https://registry.npmjs.org/mime-types/-/mime-types-2.1.17.tgz",
      "integrity": "sha1-Cdejk/A+mVp5+K+Fe3Cp4KsWVXo=",
      "requires": {
        "mime-db": "1.30.0"
      }
    },
    "min-document": {
      "version": "2.19.0",
      "resolved": "https://registry.npmjs.org/min-document/-/min-document-2.19.0.tgz",
      "integrity": "sha1-e9KC4/WELtKVu3SM3Z8f+iyCRoU=",
      "requires": {
        "dom-walk": "0.1.1"
      }
    },
    "multi-part": {
      "version": "2.0.0",
      "resolved": "https://registry.npmjs.org/multi-part/-/multi-part-2.0.0.tgz",
      "integrity": "sha1-Z09TtDL4UM+MwC0w0h8gZOMJVjw=",
      "requires": {
        "mime-kind": "2.0.2"
      }
    },
    "parse-headers": {
      "version": "2.0.1",
      "resolved": "https://registry.npmjs.org/parse-headers/-/parse-headers-2.0.1.tgz",
      "integrity": "sha1-aug6eqJanZtwCswoaYzR8e1+lTY=",
      "requires": {
        "for-each": "0.3.2",
        "trim": "0.0.1"
      }
    },
    "process": {
      "version": "0.5.2",
      "resolved": "https://registry.npmjs.org/process/-/process-0.5.2.tgz",
      "integrity": "sha1-FjjYqONML0QKkduVq5rrZ3/Bhc8="
    },
    "punycode": {
      "version": "2.1.0",
      "resolved": "https://registry.npmjs.org/punycode/-/punycode-2.1.0.tgz",
      "integrity": "sha1-X4Y+3Im5bbCQdLrXlHvwkFbKTn0="
    },
    "retry": {
      "version": "0.10.1",
      "resolved": "https://registry.npmjs.org/retry/-/retry-0.10.1.tgz",
      "integrity": "sha1-52OI0heZLCUnUCQdPTlW/tmNj/Q="
    },
    "setprototypeof": {
      "version": "1.0.3",
      "resolved": "https://registry.npmjs.org/setprototypeof/-/setprototypeof-1.0.3.tgz",
      "integrity": "sha1-ZlZ+NwQ+608E2RvWWMDL77VbjgQ="
    },
    "statuses": {
      "version": "1.4.0",
      "resolved": "https://registry.npmjs.org/statuses/-/statuses-1.4.0.tgz",
      "integrity": "sha512-zhSCtt8v2NDrRlPQpCNtw/heZLtfUDqxBM1udqikb/Hbk52LK4nQSwr10u77iopCW5LsyHpuXS0GnEc48mLeew=="
    },
    "topo": {
      "version": "3.0.0",
      "resolved": "https://registry.npmjs.org/topo/-/topo-3.0.0.tgz",
      "integrity": "sha512-Tlu1fGlR90iCdIPURqPiufqAlCZYzLjHYVVbcFWDMcX7+tK8hdZWAfsMrD/pBul9jqHHwFjNdf1WaxA9vTRRhw==",
      "requires": {
        "hoek": "5.0.2"
      }
    },
    "trim": {
      "version": "0.0.1",
      "resolved": "https://registry.npmjs.org/trim/-/trim-0.0.1.tgz",
      "integrity": "sha1-WFhUf2spB1fulczMZm+1AITEYN0="
    },
    "utf8-length": {
      "version": "0.0.1",
      "resolved": "https://registry.npmjs.org/utf8-length/-/utf8-length-0.0.1.tgz",
      "integrity": "sha1-0xXEvtUpyXfxjdNcc9cmKDJ9mto="
    },
    "xhr": {
      "version": "2.4.0",
      "resolved": "https://registry.npmjs.org/xhr/-/xhr-2.4.0.tgz",
      "integrity": "sha1-4W5mpF+GmGHu76tBbV7/ci3ECZM=",
      "requires": {
        "global": "4.3.2",
        "is-function": "1.0.1",
        "parse-headers": "2.0.1",
        "xtend": "4.0.1"
      }
    },
    "xtend": {
      "version": "4.0.1",
      "resolved": "https://registry.npmjs.org/xtend/-/xtend-4.0.1.tgz",
      "integrity": "sha1-pcbVMr5lbiPbgg77lDofBJmNY68="
    }
  }
}
